// !$*UTF8*$!
{
	archiveVersion = 1;
	classes = {
	};
	objectVersion = 50;
	objects = {

/* Begin PBXBuildFile section */
		5D0D67142529620D003B884A /* shaders in Copy Files */ = {isa = PBXBuildFile; fileRef = 5DD3D5C52528BE900069C99C /* shaders */; };
		5D0D674725296559003B884A /* CoreMacros.cpp in Sources */ = {isa = PBXBuildFile; fileRef = 5D0D673125296559003B884A /* CoreMacros.cpp */; };
		5D0D674825296559003B884A /* SubSystem.cpp in Sources */ = {isa = PBXBuildFile; fileRef = 5D0D673525296559003B884A /* SubSystem.cpp */; };
		5D0D674925296559003B884A /* MemoryAllocator.cpp in Sources */ = {isa = PBXBuildFile; fileRef = 5D0D673A25296559003B884A /* MemoryAllocator.cpp */; };
		5D0D674A25296559003B884A /* Win32Window.cpp in Sources */ = {isa = PBXBuildFile; fileRef = 5D0D673E25296559003B884A /* Win32Window.cpp */; };
		5D0D674B25296559003B884A /* PlatformWindow.cpp in Sources */ = {isa = PBXBuildFile; fileRef = 5D0D673F25296559003B884A /* PlatformWindow.cpp */; };
		5D0D674C25296559003B884A /* Renderer.cpp in Sources */ = {isa = PBXBuildFile; fileRef = 5D0D674225296559003B884A /* Renderer.cpp */; };
		5D0D674D25296559003B884A /* Application.cpp in Sources */ = {isa = PBXBuildFile; fileRef = 5D0D674525296559003B884A /* Application.cpp */; };
		5D0D674E25296559003B884A /* Main.cpp in Sources */ = {isa = PBXBuildFile; fileRef = 5D0D674625296559003B884A /* Main.cpp */; };
		5D0D675025296A0D003B884A /* libglfw.3.4.dylib in Copy Files */ = {isa = PBXBuildFile; fileRef = 5D0D674F25296A0D003B884A /* libglfw.3.4.dylib */; settings = {ATTRIBUTES = (CodeSignOnCopy, ); }; };
		5D0D675125296A12003B884A /* libglfw.3.4.dylib in Frameworks */ = {isa = PBXBuildFile; fileRef = 5D0D674F25296A0D003B884A /* libglfw.3.4.dylib */; };
		5D0D675325296A1C003B884A /* libvulkan.1.2.148.dylib in Copy Files */ = {isa = PBXBuildFile; fileRef = 5D0D675225296A1C003B884A /* libvulkan.1.2.148.dylib */; settings = {ATTRIBUTES = (CodeSignOnCopy, ); }; };
		5D0D675525296A22003B884A /* libvulkan.1.dylib in Copy Files */ = {isa = PBXBuildFile; fileRef = 5D0D675425296A22003B884A /* libvulkan.1.dylib */; settings = {ATTRIBUTES = (CodeSignOnCopy, ); }; };
		5D0D675625296A2D003B884A /* libvulkan.1.2.148.dylib in Frameworks */ = {isa = PBXBuildFile; fileRef = 5D0D675225296A1C003B884A /* libvulkan.1.2.148.dylib */; };
		5D0D675725296A2D003B884A /* libvulkan.1.dylib in Frameworks */ = {isa = PBXBuildFile; fileRef = 5D0D675425296A22003B884A /* libvulkan.1.dylib */; };
/* End PBXBuildFile section */

/* Begin PBXCopyFilesBuildPhase section */
		5DE31D232528B02300D9CC07 /* Copy Files */ = {
			isa = PBXCopyFilesBuildPhase;
			buildActionMask = 12;
			dstPath = "";
			dstSubfolderSpec = 10;
			files = (
				5D0D67142529620D003B884A /* shaders in Copy Files */,
				5D0D675025296A0D003B884A /* libglfw.3.4.dylib in Copy Files */,
				5D0D675325296A1C003B884A /* libvulkan.1.2.148.dylib in Copy Files */,
				5D0D675525296A22003B884A /* libvulkan.1.dylib in Copy Files */,
			);
			name = "Copy Files";
			runOnlyForDeploymentPostprocessing = 0;
		};
/* End PBXCopyFilesBuildPhase section */

/* Begin PBXFileReference section */
		5D0D6712252961CA003B884A /* libvulkan.1.2.148.dylib */ = {isa = PBXFileReference; lastKnownFileType = "compiled.mach-o.dylib"; name = libvulkan.1.2.148.dylib; path = ../../../VulkanSDK/lib/libvulkan.1.2.148.dylib; sourceTree = "<group>"; };
		5D0D673125296559003B884A /* CoreMacros.cpp */ = {isa = PBXFileReference; fileEncoding = 4; lastKnownFileType = sourcecode.cpp.cpp; path = CoreMacros.cpp; sourceTree = "<group>"; };
		5D0D673225296559003B884A /* CoreMinimal.h */ = {isa = PBXFileReference; fileEncoding = 4; lastKnownFileType = sourcecode.c.h; path = CoreMinimal.h; sourceTree = "<group>"; };
		5D0D673325296559003B884A /* SubSystem.h */ = {isa = PBXFileReference; fileEncoding = 4; lastKnownFileType = sourcecode.c.h; path = SubSystem.h; sourceTree = "<group>"; };
		5D0D673425296559003B884A /* CoreMacros.h */ = {isa = PBXFileReference; fileEncoding = 4; lastKnownFileType = sourcecode.c.h; path = CoreMacros.h; sourceTree = "<group>"; };
		5D0D673525296559003B884A /* SubSystem.cpp */ = {isa = PBXFileReference; fileEncoding = 4; lastKnownFileType = sourcecode.cpp.cpp; path = SubSystem.cpp; sourceTree = "<group>"; };
		5D0D673625296559003B884A /* Memory.h */ = {isa = PBXFileReference; fileEncoding = 4; lastKnownFileType = sourcecode.c.h; path = Memory.h; sourceTree = "<group>"; };
		5D0D673725296559003B884A /* Logger.h */ = {isa = PBXFileReference; fileEncoding = 4; lastKnownFileType = sourcecode.c.h; path = Logger.h; sourceTree = "<group>"; };
		5D0D673925296559003B884A /* MemoryAllocator.h */ = {isa = PBXFileReference; fileEncoding = 4; lastKnownFileType = sourcecode.c.h; path = MemoryAllocator.h; sourceTree = "<group>"; };
		5D0D673A25296559003B884A /* MemoryAllocator.cpp */ = {isa = PBXFileReference; fileEncoding = 4; lastKnownFileType = sourcecode.cpp.cpp; path = MemoryAllocator.cpp; sourceTree = "<group>"; };
		5D0D673C25296559003B884A /* Win32Window.h */ = {isa = PBXFileReference; fileEncoding = 4; lastKnownFileType = sourcecode.c.h; path = Win32Window.h; sourceTree = "<group>"; };
		5D0D673D25296559003B884A /* PlatformWindow.h */ = {isa = PBXFileReference; fileEncoding = 4; lastKnownFileType = sourcecode.c.h; path = PlatformWindow.h; sourceTree = "<group>"; };
		5D0D673E25296559003B884A /* Win32Window.cpp */ = {isa = PBXFileReference; fileEncoding = 4; lastKnownFileType = sourcecode.cpp.cpp; path = Win32Window.cpp; sourceTree = "<group>"; };
		5D0D673F25296559003B884A /* PlatformWindow.cpp */ = {isa = PBXFileReference; fileEncoding = 4; lastKnownFileType = sourcecode.cpp.cpp; path = PlatformWindow.cpp; sourceTree = "<group>"; };
		5D0D674125296559003B884A /* Renderer.h */ = {isa = PBXFileReference; fileEncoding = 4; lastKnownFileType = sourcecode.c.h; path = Renderer.h; sourceTree = "<group>"; };
		5D0D674225296559003B884A /* Renderer.cpp */ = {isa = PBXFileReference; fileEncoding = 4; lastKnownFileType = sourcecode.cpp.cpp; path = Renderer.cpp; sourceTree = "<group>"; };
		5D0D674425296559003B884A /* Application.h */ = {isa = PBXFileReference; fileEncoding = 4; lastKnownFileType = sourcecode.c.h; path = Application.h; sourceTree = "<group>"; };
		5D0D674525296559003B884A /* Application.cpp */ = {isa = PBXFileReference; fileEncoding = 4; lastKnownFileType = sourcecode.cpp.cpp; path = Application.cpp; sourceTree = "<group>"; };
		5D0D674625296559003B884A /* Main.cpp */ = {isa = PBXFileReference; fileEncoding = 4; lastKnownFileType = sourcecode.cpp.cpp; path = Main.cpp; sourceTree = "<group>"; };
		5D0D674F25296A0D003B884A /* libglfw.3.4.dylib */ = {isa = PBXFileReference; lastKnownFileType = "compiled.mach-o.dylib"; name = libglfw.3.4.dylib; path = ../../../../../usr/local/lib/libglfw.3.4.dylib; sourceTree = "<group>"; };
		5D0D675225296A1C003B884A /* libvulkan.1.2.148.dylib */ = {isa = PBXFileReference; lastKnownFileType = "compiled.mach-o.dylib"; name = libvulkan.1.2.148.dylib; path = ../../../../../usr/local/VulkanSDK/lib/libvulkan.1.2.148.dylib; sourceTree = "<group>"; };
		5D0D675425296A22003B884A /* libvulkan.1.dylib */ = {isa = PBXFileReference; lastKnownFileType = "compiled.mach-o.dylib"; name = libvulkan.1.dylib; path = ../../../../../usr/local/VulkanSDK/lib/libvulkan.1.dylib; sourceTree = "<group>"; };
		5DD3D5BB2528BD7F0069C99C /* libvulkan.dylib */ = {isa = PBXFileReference; lastKnownFileType = "compiled.mach-o.dylib"; name = libvulkan.dylib; path = ../../../../../VulkanSDK/lib/libvulkan.dylib; sourceTree = "<group>"; };
		5DD3D5BC2528BD7F0069C99C /* libvulkan.1.dylib */ = {isa = PBXFileReference; lastKnownFileType = "compiled.mach-o.dylib"; name = libvulkan.1.dylib; path = ../../../../../VulkanSDK/lib/libvulkan.1.dylib; sourceTree = "<group>"; };
		5DD3D5C52528BE900069C99C /* shaders */ = {isa = PBXFileReference; lastKnownFileType = folder; path = shaders; sourceTree = "<group>"; };
		5DE31D252528B02400D9CC07 /* vk-point-cloud-renderer */ = {isa = PBXFileReference; explicitFileType = "compiled.mach-o.executable"; includeInIndex = 0; path = "vk-point-cloud-renderer"; sourceTree = BUILT_PRODUCTS_DIR; };
		5DE31D312528B55800D9CC07 /* libglfw.3.4.dylib */ = {isa = PBXFileReference; lastKnownFileType = "compiled.mach-o.dylib"; name = libglfw.3.4.dylib; path = "../../../../../../../usr/local/Cellar/glfw/HEAD-40d150c/lib/libglfw.3.4.dylib"; sourceTree = "<group>"; };
		5DE31D332528B5B600D9CC07 /* libvulkan.1.2.148.dylib */ = {isa = PBXFileReference; lastKnownFileType = "compiled.mach-o.dylib"; name = libvulkan.1.2.148.dylib; path = ../../../../../VulkanSDK/lib/libvulkan.1.2.148.dylib; sourceTree = "<group>"; };
/* End PBXFileReference section */

/* Begin PBXFrameworksBuildPhase section */
		5DE31D222528B02300D9CC07 /* Frameworks */ = {
			isa = PBXFrameworksBuildPhase;
			buildActionMask = 2147483647;
			files = (
				5D0D675125296A12003B884A /* libglfw.3.4.dylib in Frameworks */,
				5D0D675625296A2D003B884A /* libvulkan.1.2.148.dylib in Frameworks */,
				5D0D675725296A2D003B884A /* libvulkan.1.dylib in Frameworks */,
			);
			runOnlyForDeploymentPostprocessing = 0;
		};
/* End PBXFrameworksBuildPhase section */

/* Begin PBXGroup section */
		5D0D672F25296559003B884A /* src */ = {
			isa = PBXGroup;
			children = (
				5D0D673025296559003B884A /* core */,
				5D0D673825296559003B884A /* memory */,
				5D0D673B25296559003B884A /* platform */,
				5D0D674025296559003B884A /* rendering */,
				5D0D674325296559003B884A /* application */,
				5D0D674625296559003B884A /* Main.cpp */,
			);
			path = src;
			sourceTree = "<group>";
		};
		5D0D673025296559003B884A /* core */ = {
			isa = PBXGroup;
			children = (
				5D0D673125296559003B884A /* CoreMacros.cpp */,
				5D0D673225296559003B884A /* CoreMinimal.h */,
				5D0D673325296559003B884A /* SubSystem.h */,
				5D0D673425296559003B884A /* CoreMacros.h */,
				5D0D673525296559003B884A /* SubSystem.cpp */,
				5D0D673625296559003B884A /* Memory.h */,
				5D0D673725296559003B884A /* Logger.h */,
			);
			path = core;
			sourceTree = "<group>";
		};
		5D0D673825296559003B884A /* memory */ = {
			isa = PBXGroup;
			children = (
				5D0D673925296559003B884A /* MemoryAllocator.h */,
				5D0D673A25296559003B884A /* MemoryAllocator.cpp */,
			);
			path = memory;
			sourceTree = "<group>";
		};
		5D0D673B25296559003B884A /* platform */ = {
			isa = PBXGroup;
			children = (
				5D0D673C25296559003B884A /* Win32Window.h */,
				5D0D673D25296559003B884A /* PlatformWindow.h */,
				5D0D673E25296559003B884A /* Win32Window.cpp */,
				5D0D673F25296559003B884A /* PlatformWindow.cpp */,
			);
			path = platform;
			sourceTree = "<group>";
		};
		5D0D674025296559003B884A /* rendering */ = {
			isa = PBXGroup;
			children = (
				5D0D674125296559003B884A /* Renderer.h */,
				5D0D674225296559003B884A /* Renderer.cpp */,
			);
			path = rendering;
			sourceTree = "<group>";
		};
		5D0D674325296559003B884A /* application */ = {
			isa = PBXGroup;
			children = (
				5D0D674425296559003B884A /* Application.h */,
				5D0D674525296559003B884A /* Application.cpp */,
			);
			path = application;
			sourceTree = "<group>";
		};
		5DE31D1C2528B02300D9CC07 = {
			isa = PBXGroup;
			children = (
				5D0D675425296A22003B884A /* libvulkan.1.dylib */,
				5D0D675225296A1C003B884A /* libvulkan.1.2.148.dylib */,
				5D0D674F25296A0D003B884A /* libglfw.3.4.dylib */,
				5DE31D272528B02400D9CC07 /* vk-point-cloud-renderer */,
				5DE31D262528B02400D9CC07 /* Products */,
				5DE31D302528B55800D9CC07 /* Frameworks */,
			);
			sourceTree = "<group>";
		};
		5DE31D262528B02400D9CC07 /* Products */ = {
			isa = PBXGroup;
			children = (
				5DE31D252528B02400D9CC07 /* vk-point-cloud-renderer */,
			);
			name = Products;
			sourceTree = "<group>";
		};
		5DE31D272528B02400D9CC07 /* vk-point-cloud-renderer */ = {
			isa = PBXGroup;
			children = (
				5D0D672F25296559003B884A /* src */,
				5DD3D5C52528BE900069C99C /* shaders */,
			);
			path = "vk-point-cloud-renderer";
			sourceTree = "<group>";
		};
		5DE31D302528B55800D9CC07 /* Frameworks */ = {
			isa = PBXGroup;
			children = (
				5D0D6712252961CA003B884A /* libvulkan.1.2.148.dylib */,
				5DD3D5BC2528BD7F0069C99C /* libvulkan.1.dylib */,
				5DD3D5BB2528BD7F0069C99C /* libvulkan.dylib */,
				5DE31D332528B5B600D9CC07 /* libvulkan.1.2.148.dylib */,
				5DE31D312528B55800D9CC07 /* libglfw.3.4.dylib */,
			);
			name = Frameworks;
			sourceTree = "<group>";
		};
/* End PBXGroup section */

/* Begin PBXNativeTarget section */
		5DE31D242528B02300D9CC07 /* vk-point-cloud-renderer */ = {
			isa = PBXNativeTarget;
			buildConfigurationList = 5DE31D2C2528B02400D9CC07 /* Build configuration list for PBXNativeTarget "vk-point-cloud-renderer" */;
			buildPhases = (
				5DE31D212528B02300D9CC07 /* Sources */,
				5DE31D222528B02300D9CC07 /* Frameworks */,
				5DE31D232528B02300D9CC07 /* Copy Files */,
			);
			buildRules = (
			);
			dependencies = (
			);
			name = "vk-point-cloud-renderer";
			productName = "vk-point-cloud-renderer";
			productReference = 5DE31D252528B02400D9CC07 /* vk-point-cloud-renderer */;
			productType = "com.apple.product-type.tool";
		};
/* End PBXNativeTarget section */

/* Begin PBXProject section */
		5DE31D1D2528B02300D9CC07 /* Project object */ = {
			isa = PBXProject;
			attributes = {
				LastUpgradeCheck = 1140;
				ORGANIZATIONNAME = "Dale Findlay";
				TargetAttributes = {
					5DE31D242528B02300D9CC07 = {
						CreatedOnToolsVersion = 11.4.1;
					};
				};
			};
			buildConfigurationList = 5DE31D202528B02300D9CC07 /* Build configuration list for PBXProject "vk-point-cloud-renderer" */;
			compatibilityVersion = "Xcode 9.3";
			developmentRegion = en;
			hasScannedForEncodings = 0;
			knownRegions = (
				en,
				Base,
			);
			mainGroup = 5DE31D1C2528B02300D9CC07;
			productRefGroup = 5DE31D262528B02400D9CC07 /* Products */;
			projectDirPath = "";
			projectRoot = "";
			targets = (
				5DE31D242528B02300D9CC07 /* vk-point-cloud-renderer */,
			);
		};
/* End PBXProject section */

/* Begin PBXSourcesBuildPhase section */
		5DE31D212528B02300D9CC07 /* Sources */ = {
			isa = PBXSourcesBuildPhase;
			buildActionMask = 2147483647;
			files = (
				5D0D674C25296559003B884A /* Renderer.cpp in Sources */,
				5D0D674725296559003B884A /* CoreMacros.cpp in Sources */,
				5D0D674825296559003B884A /* SubSystem.cpp in Sources */,
				5D0D674925296559003B884A /* MemoryAllocator.cpp in Sources */,
				5D0D674A25296559003B884A /* Win32Window.cpp in Sources */,
				5D0D674B25296559003B884A /* PlatformWindow.cpp in Sources */,
				5D0D674E25296559003B884A /* Main.cpp in Sources */,
				5D0D674D25296559003B884A /* Application.cpp in Sources */,
			);
			runOnlyForDeploymentPostprocessing = 0;
		};
/* End PBXSourcesBuildPhase section */

/* Begin XCBuildConfiguration section */
		5DE31D2A2528B02400D9CC07 /* Debug */ = {
			isa = XCBuildConfiguration;
			buildSettings = {
				ALWAYS_SEARCH_USER_PATHS = NO;
				CLANG_ANALYZER_NONNULL = YES;
				CLANG_ANALYZER_NUMBER_OBJECT_CONVERSION = YES_AGGRESSIVE;
				CLANG_CXX_LANGUAGE_STANDARD = "gnu++14";
				CLANG_CXX_LIBRARY = "libc++";
				CLANG_ENABLE_MODULES = YES;
				CLANG_ENABLE_OBJC_ARC = YES;
				CLANG_ENABLE_OBJC_WEAK = YES;
				CLANG_WARN_BLOCK_CAPTURE_AUTORELEASING = YES;
				CLANG_WARN_BOOL_CONVERSION = YES;
				CLANG_WARN_COMMA = YES;
				CLANG_WARN_CONSTANT_CONVERSION = YES;
				CLANG_WARN_DEPRECATED_OBJC_IMPLEMENTATIONS = YES;
				CLANG_WARN_DIRECT_OBJC_ISA_USAGE = YES_ERROR;
				CLANG_WARN_DOCUMENTATION_COMMENTS = YES;
				CLANG_WARN_EMPTY_BODY = YES;
				CLANG_WARN_ENUM_CONVERSION = YES;
				CLANG_WARN_INFINITE_RECURSION = YES;
				CLANG_WARN_INT_CONVERSION = YES;
				CLANG_WARN_NON_LITERAL_NULL_CONVERSION = YES;
				CLANG_WARN_OBJC_IMPLICIT_RETAIN_SELF = YES;
				CLANG_WARN_OBJC_LITERAL_CONVERSION = YES;
				CLANG_WARN_OBJC_ROOT_CLASS = YES_ERROR;
				CLANG_WARN_RANGE_LOOP_ANALYSIS = YES;
				CLANG_WARN_STRICT_PROTOTYPES = YES;
				CLANG_WARN_SUSPICIOUS_MOVE = YES;
				CLANG_WARN_UNGUARDED_AVAILABILITY = YES_AGGRESSIVE;
				CLANG_WARN_UNREACHABLE_CODE = YES;
				CLANG_WARN__DUPLICATE_METHOD_MATCH = YES;
				COPY_PHASE_STRIP = NO;
				DEBUG_INFORMATION_FORMAT = dwarf;
				ENABLE_STRICT_OBJC_MSGSEND = YES;
				ENABLE_TESTABILITY = YES;
				GCC_C_LANGUAGE_STANDARD = gnu11;
				GCC_DYNAMIC_NO_PIC = NO;
				GCC_NO_COMMON_BLOCKS = YES;
				GCC_OPTIMIZATION_LEVEL = 0;
				GCC_PREPROCESSOR_DEFINITIONS = (
					"DEBUG=1",
					"$(inherited)",
				);
				GCC_WARN_64_TO_32_BIT_CONVERSION = YES;
				GCC_WARN_ABOUT_RETURN_TYPE = YES_ERROR;
				GCC_WARN_UNDECLARED_SELECTOR = YES;
				GCC_WARN_UNINITIALIZED_AUTOS = YES_AGGRESSIVE;
				GCC_WARN_UNUSED_FUNCTION = YES;
				GCC_WARN_UNUSED_VARIABLE = YES;
				MACOSX_DEPLOYMENT_TARGET = 10.15;
				MTL_ENABLE_DEBUG_INFO = INCLUDE_SOURCE;
				MTL_FAST_MATH = YES;
				ONLY_ACTIVE_ARCH = YES;
				SDKROOT = macosx;
			};
			name = Debug;
		};
		5DE31D2B2528B02400D9CC07 /* Release */ = {
			isa = XCBuildConfiguration;
			buildSettings = {
				ALWAYS_SEARCH_USER_PATHS = NO;
				CLANG_ANALYZER_NONNULL = YES;
				CLANG_ANALYZER_NUMBER_OBJECT_CONVERSION = YES_AGGRESSIVE;
				CLANG_CXX_LANGUAGE_STANDARD = "gnu++14";
				CLANG_CXX_LIBRARY = "libc++";
				CLANG_ENABLE_MODULES = YES;
				CLANG_ENABLE_OBJC_ARC = YES;
				CLANG_ENABLE_OBJC_WEAK = YES;
				CLANG_WARN_BLOCK_CAPTURE_AUTORELEASING = YES;
				CLANG_WARN_BOOL_CONVERSION = YES;
				CLANG_WARN_COMMA = YES;
				CLANG_WARN_CONSTANT_CONVERSION = YES;
				CLANG_WARN_DEPRECATED_OBJC_IMPLEMENTATIONS = YES;
				CLANG_WARN_DIRECT_OBJC_ISA_USAGE = YES_ERROR;
				CLANG_WARN_DOCUMENTATION_COMMENTS = YES;
				CLANG_WARN_EMPTY_BODY = YES;
				CLANG_WARN_ENUM_CONVERSION = YES;
				CLANG_WARN_INFINITE_RECURSION = YES;
				CLANG_WARN_INT_CONVERSION = YES;
				CLANG_WARN_NON_LITERAL_NULL_CONVERSION = YES;
				CLANG_WARN_OBJC_IMPLICIT_RETAIN_SELF = YES;
				CLANG_WARN_OBJC_LITERAL_CONVERSION = YES;
				CLANG_WARN_OBJC_ROOT_CLASS = YES_ERROR;
				CLANG_WARN_RANGE_LOOP_ANALYSIS = YES;
				CLANG_WARN_STRICT_PROTOTYPES = YES;
				CLANG_WARN_SUSPICIOUS_MOVE = YES;
				CLANG_WARN_UNGUARDED_AVAILABILITY = YES_AGGRESSIVE;
				CLANG_WARN_UNREACHABLE_CODE = YES;
				CLANG_WARN__DUPLICATE_METHOD_MATCH = YES;
				COPY_PHASE_STRIP = NO;
				DEBUG_INFORMATION_FORMAT = "dwarf-with-dsym";
				ENABLE_NS_ASSERTIONS = NO;
				ENABLE_STRICT_OBJC_MSGSEND = YES;
				GCC_C_LANGUAGE_STANDARD = gnu11;
				GCC_NO_COMMON_BLOCKS = YES;
				GCC_WARN_64_TO_32_BIT_CONVERSION = YES;
				GCC_WARN_ABOUT_RETURN_TYPE = YES_ERROR;
				GCC_WARN_UNDECLARED_SELECTOR = YES;
				GCC_WARN_UNINITIALIZED_AUTOS = YES_AGGRESSIVE;
				GCC_WARN_UNUSED_FUNCTION = YES;
				GCC_WARN_UNUSED_VARIABLE = YES;
				MACOSX_DEPLOYMENT_TARGET = 10.15;
				MTL_ENABLE_DEBUG_INFO = NO;
				MTL_FAST_MATH = YES;
				SDKROOT = macosx;
			};
			name = Release;
		};
		5DE31D2D2528B02400D9CC07 /* Debug */ = {
			isa = XCBuildConfiguration;
			buildSettings = {
				CLANG_CXX_LANGUAGE_STANDARD = "c++17";
				CODE_SIGN_STYLE = Automatic;
				FRAMEWORK_SEARCH_PATHS = "";
				HEADER_SEARCH_PATHS = (
					/usr/local/include,
					"$(SRCROOT)/vk-point-cloud-renderer/src",
					/usr/local/VulkanSDK/include,
				);
				LIBRARY_SEARCH_PATHS = (
					/usr/local/lib,
					"/usr/local/Cellar/glfw/HEAD-40d150c/lib",
					/usr/local/VulkanSDK/lib,
				);
				PRODUCT_NAME = "$(TARGET_NAME)";
			};
			name = Debug;
		};
		5DE31D2E2528B02400D9CC07 /* Release */ = {
			isa = XCBuildConfiguration;
			buildSettings = {
				CLANG_CXX_LANGUAGE_STANDARD = "c++17";
				CODE_SIGN_STYLE = Automatic;
				FRAMEWORK_SEARCH_PATHS = "";
				LIBRARY_SEARCH_PATHS = (
					/usr/local/lib,
					"/usr/local/Cellar/glfw/HEAD-40d150c/lib",
					/usr/local/VulkanSDK/lib,
				);
				PRODUCT_NAME = "$(TARGET_NAME)";
			};
			name = Release;
		};
/* End XCBuildConfiguration section */

/* Begin XCConfigurationList section */
		5DE31D202528B02300D9CC07 /* Build configuration list for PBXProject "vk-point-cloud-renderer" */ = {
			isa = XCConfigurationList;
			buildConfigurations = (
				5DE31D2A2528B02400D9CC07 /* Debug */,
				5DE31D2B2528B02400D9CC07 /* Release */,
			);
			defaultConfigurationIsVisible = 0;
			defaultConfigurationName = Release;
		};
		5DE31D2C2528B02400D9CC07 /* Build configuration list for PBXNativeTarget "vk-point-cloud-renderer" */ = {
			isa = XCConfigurationList;
			buildConfigurations = (
				5DE31D2D2528B02400D9CC07 /* Debug */,
				5DE31D2E2528B02400D9CC07 /* Release */,
			);
			defaultConfigurationIsVisible = 0;
			defaultConfigurationName = Release;
		};
/* End XCConfigurationList section */
	};
	rootObject = 5DE31D1D2528B02300D9CC07 /* Project object */;
}
